{
    "_readme": [
        "This file locks the dependencies of your project to a known state",
        "Read more about it at http://getcomposer.org/doc/01-basic-usage.md#composer-lock-the-lock-file",
        "This file is @generated automatically"
    ],
    "hash": "d152009ae199224733404ca1e9aa36fc",
    "packages": [
        {
            "name": "happykiller/oda_api",
            "version": "dev-master",
            "source": {
                "type": "git",
                "url": "https://github.com/Happykiller/ODA_API.git",
                "reference": "23b65197ac1614a92514a4d3c5d5b72c6746d691"
            },
            "dist": {
                "type": "zip",
                "url": "https://api.github.com/repos/Happykiller/ODA_API/zipball/23b65197ac1614a92514a4d3c5d5b72c6746d691",
                "reference": "23b65197ac1614a92514a4d3c5d5b72c6746d691",
                "shasum": ""
            },
            "require": {
                "php": ">=5.3.0"
            },
            "type": "library",
            "autoload": {
                "psr-4": {
                    "Oda\\": "php/class"
                }
            },
            "notification-url": "https://packagist.org/downloads/",
            "authors": [
                {
                    "name": "Fabrice Rosito",
                    "email": "fabrice.rosito@gmail.com",
                    "homepage": "http://perso-happykiller.rhcloud.com/LFJFR/",
                    "role": "Developer"
                }
            ],
            "description": "Framework Backend PHP et Frontend JS",
            "homepage": "http://perso-happykiller.rhcloud.com/LFJFR/",
            "time": "2015-04-30 09:28:10"
        }
    ],
    "packages-dev": [],
    "aliases": [],
    "minimum-stability": "stable",
    "stability-flags": {
        "happykiller/oda_api": 20
    },
    "prefer-stable": false,
    "prefer-lowest": false,
    "platform": [],
    "platform-dev": []
}
